// !$*UTF8*$!
{
	archiveVersion = 1;
	classes = {
	};
	objectVersion = 50;
	objects = {

/* Begin PBXBuildFile section */
		3DECB340254FB14100E2FD38 /* AppDelegate.swift in Sources */ = {isa = PBXBuildFile; fileRef = 3DECB33F254FB14100E2FD38 /* AppDelegate.swift */; };
		3DECB342254FB14100E2FD38 /* SceneDelegate.swift in Sources */ = {isa = PBXBuildFile; fileRef = 3DECB341254FB14100E2FD38 /* SceneDelegate.swift */; };
		3DECB344254FB14100E2FD38 /* ViewController.swift in Sources */ = {isa = PBXBuildFile; fileRef = 3DECB343254FB14100E2FD38 /* ViewController.swift */; };
		3DECB347254FB14100E2FD38 /* Main.storyboard in Resources */ = {isa = PBXBuildFile; fileRef = 3DECB345254FB14100E2FD38 /* Main.storyboard */; };
		3DECB349254FB14200E2FD38 /* Assets.xcassets in Resources */ = {isa = PBXBuildFile; fileRef = 3DECB348254FB14200E2FD38 /* Assets.xcassets */; };
		3DECB34C254FB14200E2FD38 /* LaunchScreen.storyboard in Resources */ = {isa = PBXBuildFile; fileRef = 3DECB34A254FB14200E2FD38 /* LaunchScreen.storyboard */; };
		3DECB357254FB14200E2FD38 /* PortioPassTests.swift in Sources */ = {isa = PBXBuildFile; fileRef = 3DECB356254FB14200E2FD38 /* PortioPassTests.swift */; };
		3DECB362254FB14200E2FD38 /* PortioPassUITests.swift in Sources */ = {isa = PBXBuildFile; fileRef = 3DECB361254FB14200E2FD38 /* PortioPassUITests.swift */; };
/* End PBXBuildFile section */

/* Begin PBXContainerItemProxy section */
		3DECB353254FB14200E2FD38 /* PBXContainerItemProxy */ = {
			isa = PBXContainerItemProxy;
			containerPortal = 3DECB334254FB14100E2FD38 /* Project object */;
			proxyType = 1;
			remoteGlobalIDString = 3DECB33B254FB14100E2FD38;
			remoteInfo = PortioPass;
		};
		3DECB35E254FB14200E2FD38 /* PBXContainerItemProxy */ = {
			isa = PBXContainerItemProxy;
			containerPortal = 3DECB334254FB14100E2FD38 /* Project object */;
			proxyType = 1;
			remoteGlobalIDString = 3DECB33B254FB14100E2FD38;
			remoteInfo = PortioPass;
		};
/* End PBXContainerItemProxy section */

/* Begin PBXFileReference section */
		3DECB33C254FB14100E2FD38 /* PortioPass.app */ = {isa = PBXFileReference; explicitFileType = wrapper.application; includeInIndex = 0; path = PortioPass.app; sourceTree = BUILT_PRODUCTS_DIR; };
		3DECB33F254FB14100E2FD38 /* AppDelegate.swift */ = {isa = PBXFileReference; lastKnownFileType = sourcecode.swift; path = AppDelegate.swift; sourceTree = "<group>"; };
		3DECB341254FB14100E2FD38 /* SceneDelegate.swift */ = {isa = PBXFileReference; lastKnownFileType = sourcecode.swift; path = SceneDelegate.swift; sourceTree = "<group>"; };
		3DECB343254FB14100E2FD38 /* ViewController.swift */ = {isa = PBXFileReference; lastKnownFileType = sourcecode.swift; path = ViewController.swift; sourceTree = "<group>"; };
		3DECB346254FB14100E2FD38 /* Base */ = {isa = PBXFileReference; lastKnownFileType = file.storyboard; name = Base; path = Base.lproj/Main.storyboard; sourceTree = "<group>"; };
		3DECB348254FB14200E2FD38 /* Assets.xcassets */ = {isa = PBXFileReference; lastKnownFileType = folder.assetcatalog; path = Assets.xcassets; sourceTree = "<group>"; };
		3DECB34B254FB14200E2FD38 /* Base */ = {isa = PBXFileReference; lastKnownFileType = file.storyboard; name = Base; path = Base.lproj/LaunchScreen.storyboard; sourceTree = "<group>"; };
		3DECB34D254FB14200E2FD38 /* Info.plist */ = {isa = PBXFileReference; lastKnownFileType = text.plist.xml; path = Info.plist; sourceTree = "<group>"; };
		3DECB352254FB14200E2FD38 /* PortioPassTests.xctest */ = {isa = PBXFileReference; explicitFileType = wrapper.cfbundle; includeInIndex = 0; path = PortioPassTests.xctest; sourceTree = BUILT_PRODUCTS_DIR; };
		3DECB356254FB14200E2FD38 /* PortioPassTests.swift */ = {isa = PBXFileReference; lastKnownFileType = sourcecode.swift; path = PortioPassTests.swift; sourceTree = "<group>"; };
		3DECB358254FB14200E2FD38 /* Info.plist */ = {isa = PBXFileReference; lastKnownFileType = text.plist.xml; path = Info.plist; sourceTree = "<group>"; };
		3DECB35D254FB14200E2FD38 /* PortioPassUITests.xctest */ = {isa = PBXFileReference; explicitFileType = wrapper.cfbundle; includeInIndex = 0; path = PortioPassUITests.xctest; sourceTree = BUILT_PRODUCTS_DIR; };
		3DECB361254FB14200E2FD38 /* PortioPassUITests.swift */ = {isa = PBXFileReference; lastKnownFileType = sourcecode.swift; path = PortioPassUITests.swift; sourceTree = "<group>"; };
		3DECB363254FB14200E2FD38 /* Info.plist */ = {isa = PBXFileReference; lastKnownFileType = text.plist.xml; path = Info.plist; sourceTree = "<group>"; };
/* End PBXFileReference section */

/* Begin PBXFrameworksBuildPhase section */
		3DECB339254FB14100E2FD38 /* Frameworks */ = {
			isa = PBXFrameworksBuildPhase;
			buildActionMask = 2147483647;
			files = (
			);
			runOnlyForDeploymentPostprocessing = 0;
		};
		3DECB34F254FB14200E2FD38 /* Frameworks */ = {
			isa = PBXFrameworksBuildPhase;
			buildActionMask = 2147483647;
			files = (
			);
			runOnlyForDeploymentPostprocessing = 0;
		};
		3DECB35A254FB14200E2FD38 /* Frameworks */ = {
			isa = PBXFrameworksBuildPhase;
			buildActionMask = 2147483647;
			files = (
			);
			runOnlyForDeploymentPostprocessing = 0;
		};
/* End PBXFrameworksBuildPhase section */

/* Begin PBXGroup section */
		3DECB333254FB14100E2FD38 = {
			isa = PBXGroup;
			children = (
				3DECB33E254FB14100E2FD38 /* PortioPass */,
				3DECB355254FB14200E2FD38 /* PortioPassTests */,
				3DECB360254FB14200E2FD38 /* PortioPassUITests */,
				3DECB33D254FB14100E2FD38 /* Products */,
			);
			sourceTree = "<group>";
		};
		3DECB33D254FB14100E2FD38 /* Products */ = {
			isa = PBXGroup;
			children = (
				3DECB33C254FB14100E2FD38 /* PortioPass.app */,
				3DECB352254FB14200E2FD38 /* PortioPassTests.xctest */,
				3DECB35D254FB14200E2FD38 /* PortioPassUITests.xctest */,
			);
			name = Products;
			sourceTree = "<group>";
		};
		3DECB33E254FB14100E2FD38 /* PortioPass */ = {
			isa = PBXGroup;
			children = (
				3DECB33F254FB14100E2FD38 /* AppDelegate.swift */,
				3DECB341254FB14100E2FD38 /* SceneDelegate.swift */,
				3DECB343254FB14100E2FD38 /* ViewController.swift */,
				3DECB345254FB14100E2FD38 /* Main.storyboard */,
				3DECB348254FB14200E2FD38 /* Assets.xcassets */,
				3DECB34A254FB14200E2FD38 /* LaunchScreen.storyboard */,
				3DECB34D254FB14200E2FD38 /* Info.plist */,
			);
			path = PortioPass;
			sourceTree = "<group>";
		};
		3DECB355254FB14200E2FD38 /* PortioPassTests */ = {
			isa = PBXGroup;
			children = (
				3DECB356254FB14200E2FD38 /* PortioPassTests.swift */,
				3DECB358254FB14200E2FD38 /* Info.plist */,
			);
			path = PortioPassTests;
			sourceTree = "<group>";
		};
		3DECB360254FB14200E2FD38 /* PortioPassUITests */ = {
			isa = PBXGroup;
			children = (
				3DECB361254FB14200E2FD38 /* PortioPassUITests.swift */,
				3DECB363254FB14200E2FD38 /* Info.plist */,
			);
			path = PortioPassUITests;
			sourceTree = "<group>";
		};
/* End PBXGroup section */

/* Begin PBXNativeTarget section */
		3DECB33B254FB14100E2FD38 /* PortioPass */ = {
			isa = PBXNativeTarget;
			buildConfigurationList = 3DECB366254FB14200E2FD38 /* Build configuration list for PBXNativeTarget "PortioPass" */;
			buildPhases = (
				3DECB338254FB14100E2FD38 /* Sources */,
				3DECB339254FB14100E2FD38 /* Frameworks */,
				3DECB33A254FB14100E2FD38 /* Resources */,
			);
			buildRules = (
			);
			dependencies = (
			);
			name = PortioPass;
			productName = PortioPass;
			productReference = 3DECB33C254FB14100E2FD38 /* PortioPass.app */;
			productType = "com.apple.product-type.application";
		};
		3DECB351254FB14200E2FD38 /* PortioPassTests */ = {
			isa = PBXNativeTarget;
			buildConfigurationList = 3DECB369254FB14200E2FD38 /* Build configuration list for PBXNativeTarget "PortioPassTests" */;
			buildPhases = (
				3DECB34E254FB14200E2FD38 /* Sources */,
				3DECB34F254FB14200E2FD38 /* Frameworks */,
				3DECB350254FB14200E2FD38 /* Resources */,
			);
			buildRules = (
			);
			dependencies = (
				3DECB354254FB14200E2FD38 /* PBXTargetDependency */,
			);
			name = PortioPassTests;
			productName = PortioPassTests;
			productReference = 3DECB352254FB14200E2FD38 /* PortioPassTests.xctest */;
			productType = "com.apple.product-type.bundle.unit-test";
		};
		3DECB35C254FB14200E2FD38 /* PortioPassUITests */ = {
			isa = PBXNativeTarget;
			buildConfigurationList = 3DECB36C254FB14200E2FD38 /* Build configuration list for PBXNativeTarget "PortioPassUITests" */;
			buildPhases = (
				3DECB359254FB14200E2FD38 /* Sources */,
				3DECB35A254FB14200E2FD38 /* Frameworks */,
				3DECB35B254FB14200E2FD38 /* Resources */,
			);
			buildRules = (
			);
			dependencies = (
				3DECB35F254FB14200E2FD38 /* PBXTargetDependency */,
			);
			name = PortioPassUITests;
			productName = PortioPassUITests;
			productReference = 3DECB35D254FB14200E2FD38 /* PortioPassUITests.xctest */;
			productType = "com.apple.product-type.bundle.ui-testing";
		};
/* End PBXNativeTarget section */

/* Begin PBXProject section */
		3DECB334254FB14100E2FD38 /* Project object */ = {
			isa = PBXProject;
			attributes = {
				LastSwiftUpdateCheck = 1210;
				LastUpgradeCheck = 1210;
				TargetAttributes = {
					3DECB33B254FB14100E2FD38 = {
						CreatedOnToolsVersion = 12.1;
					};
					3DECB351254FB14200E2FD38 = {
						CreatedOnToolsVersion = 12.1;
						TestTargetID = 3DECB33B254FB14100E2FD38;
					};
					3DECB35C254FB14200E2FD38 = {
						CreatedOnToolsVersion = 12.1;
						TestTargetID = 3DECB33B254FB14100E2FD38;
					};
				};
			};
			buildConfigurationList = 3DECB337254FB14100E2FD38 /* Build configuration list for PBXProject "PortioPass" */;
			compatibilityVersion = "Xcode 9.3";
			developmentRegion = en;
			hasScannedForEncodings = 0;
			knownRegions = (
				en,
				Base,
			);
			mainGroup = 3DECB333254FB14100E2FD38;
			productRefGroup = 3DECB33D254FB14100E2FD38 /* Products */;
			projectDirPath = "";
			projectRoot = "";
			targets = (
				3DECB33B254FB14100E2FD38 /* PortioPass */,
				3DECB351254FB14200E2FD38 /* PortioPassTests */,
				3DECB35C254FB14200E2FD38 /* PortioPassUITests */,
			);
		};
/* End PBXProject section */

/* Begin PBXResourcesBuildPhase section */
		3DECB33A254FB14100E2FD38 /* Resources */ = {
			isa = PBXResourcesBuildPhase;
			buildActionMask = 2147483647;
			files = (
				3DECB34C254FB14200E2FD38 /* LaunchScreen.storyboard in Resources */,
				3DECB349254FB14200E2FD38 /* Assets.xcassets in Resources */,
				3DECB347254FB14100E2FD38 /* Main.storyboard in Resources */,
			);
			runOnlyForDeploymentPostprocessing = 0;
		};
		3DECB350254FB14200E2FD38 /* Resources */ = {
			isa = PBXResourcesBuildPhase;
			buildActionMask = 2147483647;
			files = (
			);
			runOnlyForDeploymentPostprocessing = 0;
		};
		3DECB35B254FB14200E2FD38 /* Resources */ = {
			isa = PBXResourcesBuildPhase;
			buildActionMask = 2147483647;
			files = (
			);
			runOnlyForDeploymentPostprocessing = 0;
		};
/* End PBXResourcesBuildPhase section */

/* Begin PBXSourcesBuildPhase section */
		3DECB338254FB14100E2FD38 /* Sources */ = {
			isa = PBXSourcesBuildPhase;
			buildActionMask = 2147483647;
			files = (
				3DECB344254FB14100E2FD38 /* ViewController.swift in Sources */,
				3DECB340254FB14100E2FD38 /* AppDelegate.swift in Sources */,
				3DECB342254FB14100E2FD38 /* SceneDelegate.swift in Sources */,
			);
			runOnlyForDeploymentPostprocessing = 0;
		};
		3DECB34E254FB14200E2FD38 /* Sources */ = {
			isa = PBXSourcesBuildPhase;
			buildActionMask = 2147483647;
			files = (
				3DECB357254FB14200E2FD38 /* PortioPassTests.swift in Sources */,
			);
			runOnlyForDeploymentPostprocessing = 0;
		};
		3DECB359254FB14200E2FD38 /* Sources */ = {
			isa = PBXSourcesBuildPhase;
			buildActionMask = 2147483647;
			files = (
				3DECB362254FB14200E2FD38 /* PortioPassUITests.swift in Sources */,
			);
			runOnlyForDeploymentPostprocessing = 0;
		};
/* End PBXSourcesBuildPhase section */

/* Begin PBXTargetDependency section */
		3DECB354254FB14200E2FD38 /* PBXTargetDependency */ = {
			isa = PBXTargetDependency;
			target = 3DECB33B254FB14100E2FD38 /* PortioPass */;
			targetProxy = 3DECB353254FB14200E2FD38 /* PBXContainerItemProxy */;
		};
		3DECB35F254FB14200E2FD38 /* PBXTargetDependency */ = {
			isa = PBXTargetDependency;
			target = 3DECB33B254FB14100E2FD38 /* PortioPass */;
			targetProxy = 3DECB35E254FB14200E2FD38 /* PBXContainerItemProxy */;
		};
/* End PBXTargetDependency section */

/* Begin PBXVariantGroup section */
		3DECB345254FB14100E2FD38 /* Main.storyboard */ = {
			isa = PBXVariantGroup;
			children = (
				3DECB346254FB14100E2FD38 /* Base */,
			);
			name = Main.storyboard;
			sourceTree = "<group>";
		};
		3DECB34A254FB14200E2FD38 /* LaunchScreen.storyboard */ = {
			isa = PBXVariantGroup;
			children = (
				3DECB34B254FB14200E2FD38 /* Base */,
			);
			name = LaunchScreen.storyboard;
			sourceTree = "<group>";
		};
/* End PBXVariantGroup section */

/* Begin XCBuildConfiguration section */
		3DECB364254FB14200E2FD38 /* Debug */ = {
			isa = XCBuildConfiguration;
			buildSettings = {
				ALWAYS_SEARCH_USER_PATHS = NO;
				CLANG_ANALYZER_NONNULL = YES;
				CLANG_ANALYZER_NUMBER_OBJECT_CONVERSION = YES_AGGRESSIVE;
				CLANG_CXX_LANGUAGE_STANDARD = "gnu++14";
				CLANG_CXX_LIBRARY = "libc++";
				CLANG_ENABLE_MODULES = YES;
				CLANG_ENABLE_OBJC_ARC = YES;
				CLANG_ENABLE_OBJC_WEAK = YES;
				CLANG_WARN_BLOCK_CAPTURE_AUTORELEASING = YES;
				CLANG_WARN_BOOL_CONVERSION = YES;
				CLANG_WARN_COMMA = YES;
				CLANG_WARN_CONSTANT_CONVERSION = YES;
				CLANG_WARN_DEPRECATED_OBJC_IMPLEMENTATIONS = YES;
				CLANG_WARN_DIRECT_OBJC_ISA_USAGE = YES_ERROR;
				CLANG_WARN_DOCUMENTATION_COMMENTS = YES;
				CLANG_WARN_EMPTY_BODY = YES;
				CLANG_WARN_ENUM_CONVERSION = YES;
				CLANG_WARN_INFINITE_RECURSION = YES;
				CLANG_WARN_INT_CONVERSION = YES;
				CLANG_WARN_NON_LITERAL_NULL_CONVERSION = YES;
				CLANG_WARN_OBJC_IMPLICIT_RETAIN_SELF = YES;
				CLANG_WARN_OBJC_LITERAL_CONVERSION = YES;
				CLANG_WARN_OBJC_ROOT_CLASS = YES_ERROR;
				CLANG_WARN_QUOTED_INCLUDE_IN_FRAMEWORK_HEADER = YES;
				CLANG_WARN_RANGE_LOOP_ANALYSIS = YES;
				CLANG_WARN_STRICT_PROTOTYPES = YES;
				CLANG_WARN_SUSPICIOUS_MOVE = YES;
				CLANG_WARN_UNGUARDED_AVAILABILITY = YES_AGGRESSIVE;
				CLANG_WARN_UNREACHABLE_CODE = YES;
				CLANG_WARN__DUPLICATE_METHOD_MATCH = YES;
				COPY_PHASE_STRIP = NO;
				DEBUG_INFORMATION_FORMAT = dwarf;
				ENABLE_STRICT_OBJC_MSGSEND = YES;
				ENABLE_TESTABILITY = YES;
				GCC_C_LANGUAGE_STANDARD = gnu11;
				GCC_DYNAMIC_NO_PIC = NO;
				GCC_NO_COMMON_BLOCKS = YES;
				GCC_OPTIMIZATION_LEVEL = 0;
				GCC_PREPROCESSOR_DEFINITIONS = (
					"DEBUG=1",
					"$(inherited)",
				);
				GCC_WARN_64_TO_32_BIT_CONVERSION = YES;
				GCC_WARN_ABOUT_RETURN_TYPE = YES_ERROR;
				GCC_WARN_UNDECLARED_SELECTOR = YES;
				GCC_WARN_UNINITIALIZED_AUTOS = YES_AGGRESSIVE;
				GCC_WARN_UNUSED_FUNCTION = YES;
				GCC_WARN_UNUSED_VARIABLE = YES;
				IPHONEOS_DEPLOYMENT_TARGET = 14.1;
				MTL_ENABLE_DEBUG_INFO = INCLUDE_SOURCE;
				MTL_FAST_MATH = YES;
				ONLY_ACTIVE_ARCH = YES;
				SDKROOT = iphoneos;
				SWIFT_ACTIVE_COMPILATION_CONDITIONS = DEBUG;
				SWIFT_OPTIMIZATION_LEVEL = "-Onone";
			};
			name = Debug;
		};
		3DECB365254FB14200E2FD38 /* Release */ = {
			isa = XCBuildConfiguration;
			buildSettings = {
				ALWAYS_SEARCH_USER_PATHS = NO;
				CLANG_ANALYZER_NONNULL = YES;
				CLANG_ANALYZER_NUMBER_OBJECT_CONVERSION = YES_AGGRESSIVE;
				CLANG_CXX_LANGUAGE_STANDARD = "gnu++14";
				CLANG_CXX_LIBRARY = "libc++";
				CLANG_ENABLE_MODULES = YES;
				CLANG_ENABLE_OBJC_ARC = YES;
				CLANG_ENABLE_OBJC_WEAK = YES;
				CLANG_WARN_BLOCK_CAPTURE_AUTORELEASING = YES;
				CLANG_WARN_BOOL_CONVERSION = YES;
				CLANG_WARN_COMMA = YES;
				CLANG_WARN_CONSTANT_CONVERSION = YES;
				CLANG_WARN_DEPRECATED_OBJC_IMPLEMENTATIONS = YES;
				CLANG_WARN_DIRECT_OBJC_ISA_USAGE = YES_ERROR;
				CLANG_WARN_DOCUMENTATION_COMMENTS = YES;
				CLANG_WARN_EMPTY_BODY = YES;
				CLANG_WARN_ENUM_CONVERSION = YES;
				CLANG_WARN_INFINITE_RECURSION = YES;
				CLANG_WARN_INT_CONVERSION = YES;
				CLANG_WARN_NON_LITERAL_NULL_CONVERSION = YES;
				CLANG_WARN_OBJC_IMPLICIT_RETAIN_SELF = YES;
				CLANG_WARN_OBJC_LITERAL_CONVERSION = YES;
				CLANG_WARN_OBJC_ROOT_CLASS = YES_ERROR;
				CLANG_WARN_QUOTED_INCLUDE_IN_FRAMEWORK_HEADER = YES;
				CLANG_WARN_RANGE_LOOP_ANALYSIS = YES;
				CLANG_WARN_STRICT_PROTOTYPES = YES;
				CLANG_WARN_SUSPICIOUS_MOVE = YES;
				CLANG_WARN_UNGUARDED_AVAILABILITY = YES_AGGRESSIVE;
				CLANG_WARN_UNREACHABLE_CODE = YES;
				CLANG_WARN__DUPLICATE_METHOD_MATCH = YES;
				COPY_PHASE_STRIP = NO;
				DEBUG_INFORMATION_FORMAT = "dwarf-with-dsym";
				ENABLE_NS_ASSERTIONS = NO;
				ENABLE_STRICT_OBJC_MSGSEND = YES;
				GCC_C_LANGUAGE_STANDARD = gnu11;
				GCC_NO_COMMON_BLOCKS = YES;
				GCC_WARN_64_TO_32_BIT_CONVERSION = YES;
				GCC_WARN_ABOUT_RETURN_TYPE = YES_ERROR;
				GCC_WARN_UNDECLARED_SELECTOR = YES;
				GCC_WARN_UNINITIALIZED_AUTOS = YES_AGGRESSIVE;
				GCC_WARN_UNUSED_FUNCTION = YES;
				GCC_WARN_UNUSED_VARIABLE = YES;
				IPHONEOS_DEPLOYMENT_TARGET = 14.1;
				MTL_ENABLE_DEBUG_INFO = NO;
				MTL_FAST_MATH = YES;
				SDKROOT = iphoneos;
				SWIFT_COMPILATION_MODE = wholemodule;
				SWIFT_OPTIMIZATION_LEVEL = "-O";
				VALIDATE_PRODUCT = YES;
			};
			name = Release;
		};
		3DECB367254FB14200E2FD38 /* Debug */ = {
			isa = XCBuildConfiguration;
			buildSettings = {
				ASSETCATALOG_COMPILER_APPICON_NAME = AppIcon;
				ASSETCATALOG_COMPILER_GLOBAL_ACCENT_COLOR_NAME = AccentColor;
				CODE_SIGN_STYLE = Automatic;
				DEVELOPMENT_TEAM = Y7P99H9WQC;
				INFOPLIST_FILE = PortioPass/Info.plist;
				LD_RUNPATH_SEARCH_PATHS = (
					"$(inherited)",
					"@executable_path/Frameworks",
				);
				PRODUCT_BUNDLE_IDENTIFIER = co.saraholoumi.PortioPass;
				PRODUCT_NAME = "$(TARGET_NAME)";
				SWIFT_VERSION = 5.0;
				TARGETED_DEVICE_FAMILY = "1,2";
			};
			name = Debug;
		};
		3DECB368254FB14200E2FD38 /* Release */ = {
			isa = XCBuildConfiguration;
			buildSettings = {
				ASSETCATALOG_COMPILER_APPICON_NAME = AppIcon;
				ASSETCATALOG_COMPILER_GLOBAL_ACCENT_COLOR_NAME = AccentColor;
				CODE_SIGN_STYLE = Automatic;
				DEVELOPMENT_TEAM = Y7P99H9WQC;
				INFOPLIST_FILE = PortioPass/Info.plist;
				LD_RUNPATH_SEARCH_PATHS = (
					"$(inherited)",
					"@executable_path/Frameworks",
				);
				PRODUCT_BUNDLE_IDENTIFIER = co.saraholoumi.PortioPass;
				PRODUCT_NAME = "$(TARGET_NAME)";
				SWIFT_VERSION = 5.0;
				TARGETED_DEVICE_FAMILY = "1,2";
			};
			name = Release;
		};
		3DECB36A254FB14200E2FD38 /* Debug */ = {
			isa = XCBuildConfiguration;
			buildSettings = {
				ALWAYS_EMBED_SWIFT_STANDARD_LIBRARIES = YES;
				BUNDLE_LOADER = "$(TEST_HOST)";
				CODE_SIGN_STYLE = Automatic;
				DEVELOPMENT_TEAM = Y7P99H9WQC;
				INFOPLIST_FILE = PortioPassTests/Info.plist;
				IPHONEOS_DEPLOYMENT_TARGET = 14.1;
				LD_RUNPATH_SEARCH_PATHS = (
					"$(inherited)",
					"@executable_path/Frameworks",
					"@loader_path/Frameworks",
				);
				PRODUCT_BUNDLE_IDENTIFIER = co.saraholoumi.PortioPassTests;
				PRODUCT_NAME = "$(TARGET_NAME)";
				SWIFT_VERSION = 5.0;
				TARGETED_DEVICE_FAMILY = "1,2";
				TEST_HOST = "$(BUILT_PRODUCTS_DIR)/PortioPass.app/PortioPass";
			};
			name = Debug;
		};
		3DECB36B254FB14200E2FD38 /* Release */ = {
			isa = XCBuildConfiguration;
			buildSettings = {
				ALWAYS_EMBED_SWIFT_STANDARD_LIBRARIES = YES;
				BUNDLE_LOADER = "$(TEST_HOST)";
				CODE_SIGN_STYLE = Automatic;
				DEVELOPMENT_TEAM = Y7P99H9WQC;
				INFOPLIST_FILE = PortioPassTests/Info.plist;
				IPHONEOS_DEPLOYMENT_TARGET = 14.1;
				LD_RUNPATH_SEARCH_PATHS = (
					"$(inherited)",
					"@executable_path/Frameworks",
					"@loader_path/Frameworks",
				);
				PRODUCT_BUNDLE_IDENTIFIER = co.saraholoumi.PortioPassTests;
				PRODUCT_NAME = "$(TARGET_NAME)";
				SWIFT_VERSION = 5.0;
				TARGETED_DEVICE_FAMILY = "1,2";
				TEST_HOST = "$(BUILT_PRODUCTS_DIR)/PortioPass.app/PortioPass";
			};
			name = Release;
		};
		3DECB36D254FB14200E2FD38 /* Debug */ = {
			isa = XCBuildConfiguration;
			buildSettings = {
				ALWAYS_EMBED_SWIFT_STANDARD_LIBRARIES = YES;
				CODE_SIGN_STYLE = Automatic;
				DEVELOPMENT_TEAM = Y7P99H9WQC;
				INFOPLIST_FILE = PortioPassUITests/Info.plist;
				LD_RUNPATH_SEARCH_PATHS = (
					"$(inherited)",
					"@executable_path/Frameworks",
					"@loader_path/Frameworks",
				);
				PRODUCT_BUNDLE_IDENTIFIER = co.saraholoumi.PortioPassUITests;
				PRODUCT_NAME = "$(TARGET_NAME)";
				SWIFT_VERSION = 5.0;
				TARGETED_DEVICE_FAMILY = "1,2";
				TEST_TARGET_NAME = PortioPass;
			};
			name = Debug;
		};
		3DECB36E254FB14200E2FD38 /* Release */ = {
			isa = XCBuildConfiguration;
			buildSettings = {
				ALWAYS_EMBED_SWIFT_STANDARD_LIBRARIES = YES;
				CODE_SIGN_STYLE = Automatic;
				DEVELOPMENT_TEAM = Y7P99H9WQC;
				INFOPLIST_FILE = PortioPassUITests/Info.plist;
				LD_RUNPATH_SEARCH_PATHS = (
					"$(inherited)",
					"@executable_path/Frameworks",
					"@loader_path/Frameworks",
				);
				PRODUCT_BUNDLE_IDENTIFIER = co.saraholoumi.PortioPassUITests;
				PRODUCT_NAME = "$(TARGET_NAME)";
				SWIFT_VERSION = 5.0;
				TARGETED_DEVICE_FAMILY = "1,2";
				TEST_TARGET_NAME = PortioPass;
			};
			name = Release;
		};
/* End XCBuildConfiguration section */

/* Begin XCConfigurationList section */
		3DECB337254FB14100E2FD38 /* Build configuration list for PBXProject "PortioPass" */ = {
			isa = XCConfigurationList;
			buildConfigurations = (
				3DECB364254FB14200E2FD38 /* Debug */,
				3DECB365254FB14200E2FD38 /* Release */,
			);
			defaultConfigurationIsVisible = 0;
			defaultConfigurationName = Release;
		};
		3DECB366254FB14200E2FD38 /* Build configuration list for PBXNativeTarget "PortioPass" */ = {
			isa = XCConfigurationList;
			buildConfigurations = (
				3DECB367254FB14200E2FD38 /* Debug */,
				3DECB368254FB14200E2FD38 /* Release */,
			);
			defaultConfigurationIsVisible = 0;
			defaultConfigurationName = Release;
		};
		3DECB369254FB14200E2FD38 /* Build configuration list for PBXNativeTarget "PortioPassTests" */ = {
			isa = XCConfigurationList;
			buildConfigurations = (
				3DECB36A254FB14200E2FD38 /* Debug */,
				3DECB36B254FB14200E2FD38 /* Release */,
			);
			defaultConfigurationIsVisible = 0;
			defaultConfigurationName = Release;
		};
		3DECB36C254FB14200E2FD38 /* Build configuration list for PBXNativeTarget "PortioPassUITests" */ = {
			isa = XCConfigurationList;
			buildConfigurations = (
				3DECB36D254FB14200E2FD38 /* Debug */,
				3DECB36E254FB14200E2FD38 /* Release */,
			);
			defaultConfigurationIsVisible = 0;
			defaultConfigurationName = Release;
		};
/* End XCConfigurationList section */
	};
	rootObject = 3DECB334254FB14100E2FD38 /* Project object */;
}
